
Microsoft Visual Studio Solution File, Format Version 12.00
# Visual Studio Version 17
VisualStudioVersion = 17.12.35527.113 d17.12
MinimumVisualStudioVersion = 10.0.40219.1
Project("{FAE04EC0-301F-11D3-BF4B-00C04F79EFBC}") = "Projekt", "Projekt\Projekt.csproj", "{BAD4A3E9-EEE3-45BB-99C3-4AD6DEE4AB21}"
EndProject
Global
	GlobalSection(SolutionConfigurationPlatforms) = preSolution
		Debug|Any CPU = Debug|Any CPU
		Release|Any CPU = Release|Any CPU
	EndGlobalSection
	GlobalSection(ProjectConfigurationPlatforms) = postSolution
		{BAD4A3E9-EEE3-45BB-99C3-4AD6DEE4AB21}.Debug|Any CPU.ActiveCfg = Debug|Any CPU
		{BAD4A3E9-EEE3-45BB-99C3-4AD6DEE4AB21}.Debug|Any CPU.Build.0 = Debug|Any CPU
		{BAD4A3E9-EEE3-45BB-99C3-4AD6DEE4AB21}.Release|Any CPU.ActiveCfg = Release|Any CPU
		{BAD4A3E9-EEE3-45BB-99C3-4AD6DEE4AB21}.Release|Any CPU.Build.0 = Release|Any CPU
	EndGlobalSection
	GlobalSection(SolutionProperties) = preSolution
		HideSolutionNode = FALSE
	EndGlobalSection
EndGlobal
